
Microsoft Visual Studio Solution File, Format Version 12.00
# Visual Studio Version 17
VisualStudioVersion = 17.1.32421.90
MinimumVisualStudioVersion = 10.0.40219.1
Project("{8BC9CEB8-8B4A-11D0-8D11-00A0C91BC942}") = "LifeGame", "LifeGame\LifeGame.vcxproj", "{DD0243CC-8BC1-4F07-9934-F5A4C8A42E85}"
EndProject
Global
	GlobalSection(SolutionConfigurationPlatforms) = preSolution
		Debug|x64 = Debug|x64
		Release|x64 = Release|x64
	EndGlobalSection
	GlobalSection(ProjectConfigurationPlatforms) = postSolution
		{DD0243CC-8BC1-4F07-9934-F5A4C8A42E85}.Debug|x64.ActiveCfg = Debug|x64
		{DD0243CC-8BC1-4F07-9934-F5A4C8A42E85}.Debug|x64.Build.0 = Debug|x64
		{DD0243CC-8BC1-4F07-9934-F5A4C8A42E85}.Release|x64.ActiveCfg = Release|x64
		{DD0243CC-8BC1-4F07-9934-F5A4C8A42E85}.Release|x64.Build.0 = Release|x64
	EndGlobalSection
	GlobalSection(SolutionProperties) = preSolution
		HideSolutionNode = FALSE
	EndGlobalSection
	GlobalSection(ExtensibilityGlobals) = postSolution
		SolutionGuid = {D8B41336-B8E6-47AD-A349-90400D7F721B}
	EndGlobalSection
EndGlobal
